// !$*UTF8*$!
{
	archiveVersion = 1;
	classes = {
	};
	objectVersion = 46;
	objects = {

/* Begin PBXBuildFile section */
		D80E5B261A70F9B300677A56 /* FlappyBeerScene.swift in Sources */ = {isa = PBXBuildFile; fileRef = D80E5B251A70F9B300677A56 /* FlappyBeerScene.swift */; };
		D80E5B281A70F9EF00677A56 /* SpriteKit.framework in Frameworks */ = {isa = PBXBuildFile; fileRef = D80E5B271A70F9EF00677A56 /* SpriteKit.framework */; };
		D80E5B351A70FB2B00677A56 /* PipeDown.png in Resources */ = {isa = PBXBuildFile; fileRef = D80E5B2D1A70FB2B00677A56 /* PipeDown.png */; };
		D80E5B361A70FB2B00677A56 /* PipeUp.png in Resources */ = {isa = PBXBuildFile; fileRef = D80E5B2E1A70FB2B00677A56 /* PipeUp.png */; };
		D80E5B371A70FB2B00677A56 /* scoreboard.png in Resources */ = {isa = PBXBuildFile; fileRef = D80E5B2F1A70FB2B00677A56 /* scoreboard.png */; };
		D80E5B381A70FB2B00677A56 /* sky.png in Resources */ = {isa = PBXBuildFile; fileRef = D80E5B301A70FB2B00677A56 /* sky.png */; };
		D80E5B3A1A70FE9500677A56 /* land.png in Resources */ = {isa = PBXBuildFile; fileRef = D80E5B391A70FE9500677A56 /* land.png */; };
		D82B52021A705CAD00C13010 /* AppDelegate.swift in Sources */ = {isa = PBXBuildFile; fileRef = D82B52011A705CAD00C13010 /* AppDelegate.swift */; };
		D82B52041A705CAD00C13010 /* FirstViewController.swift in Sources */ = {isa = PBXBuildFile; fileRef = D82B52031A705CAD00C13010 /* FirstViewController.swift */; };
		D82B52071A705CAD00C13010 /* Main.storyboard in Resources */ = {isa = PBXBuildFile; fileRef = D82B52051A705CAD00C13010 /* Main.storyboard */; };
		D82B52091A705CAD00C13010 /* Images.xcassets in Resources */ = {isa = PBXBuildFile; fileRef = D82B52081A705CAD00C13010 /* Images.xcassets */; };
		D82B520C1A705CAD00C13010 /* LaunchScreen.xib in Resources */ = {isa = PBXBuildFile; fileRef = D82B520A1A705CAD00C13010 /* LaunchScreen.xib */; };
		D82B52181A705CAD00C13010 /* CodePubTests.swift in Sources */ = {isa = PBXBuildFile; fileRef = D82B52171A705CAD00C13010 /* CodePubTests.swift */; };
		D82B52221A70647C00C13010 /* CupcakesViewController.swift in Sources */ = {isa = PBXBuildFile; fileRef = D82B52211A70647C00C13010 /* CupcakesViewController.swift */; };
		D82B52291A706D4F00C13010 /* ck1.jpg in Resources */ = {isa = PBXBuildFile; fileRef = D82B52241A706D4F00C13010 /* ck1.jpg */; };
		D82B522A1A706D4F00C13010 /* ck2.jpg in Resources */ = {isa = PBXBuildFile; fileRef = D82B52251A706D4F00C13010 /* ck2.jpg */; };
		D82B522B1A706D4F00C13010 /* ck3.jpg in Resources */ = {isa = PBXBuildFile; fileRef = D82B52261A706D4F00C13010 /* ck3.jpg */; };
		D82B522C1A706D4F00C13010 /* ck4.jpg in Resources */ = {isa = PBXBuildFile; fileRef = D82B52271A706D4F00C13010 /* ck4.jpg */; };
		D82B522D1A706D4F00C13010 /* ck5.jpg in Resources */ = {isa = PBXBuildFile; fileRef = D82B52281A706D4F00C13010 /* ck5.jpg */; };
		D82B523A1A70F6DB00C13010 /* GameViewController.swift in Sources */ = {isa = PBXBuildFile; fileRef = D82B52391A70F6DB00C13010 /* GameViewController.swift */; };
		D85D6BA31A8962170043F9C0 /* StartViewController.swift in Sources */ = {isa = PBXBuildFile; fileRef = D85D6BA21A8962170043F9C0 /* StartViewController.swift */; };
		D85D6BA51A8962DE0043F9C0 /* CarryOnViewController.swift in Sources */ = {isa = PBXBuildFile; fileRef = D85D6BA41A8962DE0043F9C0 /* CarryOnViewController.swift */; };
		D8A14D6E1A71402F008CACC9 /* beer01.png in Resources */ = {isa = PBXBuildFile; fileRef = D8A14D6A1A71402F008CACC9 /* beer01.png */; };
		D8A14D6F1A71402F008CACC9 /* beer02.png in Resources */ = {isa = PBXBuildFile; fileRef = D8A14D6B1A71402F008CACC9 /* beer02.png */; };
		D8A14D701A71402F008CACC9 /* beer04.png in Resources */ = {isa = PBXBuildFile; fileRef = D8A14D6C1A71402F008CACC9 /* beer04.png */; };
		D8A14D711A71402F008CACC9 /* beer03.png in Resources */ = {isa = PBXBuildFile; fileRef = D8A14D6D1A71402F008CACC9 /* beer03.png */; };
/* End PBXBuildFile section */

/* Begin PBXContainerItemProxy section */
		D82B52121A705CAD00C13010 /* PBXContainerItemProxy */ = {
			isa = PBXContainerItemProxy;
			containerPortal = D82B51F41A705CAD00C13010 /* Project object */;
			proxyType = 1;
			remoteGlobalIDString = D82B51FB1A705CAD00C13010;
			remoteInfo = CodePub;
		};
/* End PBXContainerItemProxy section */

/* Begin PBXFileReference section */
		D80E5B251A70F9B300677A56 /* FlappyBeerScene.swift */ = {isa = PBXFileReference; fileEncoding = 4; lastKnownFileType = sourcecode.swift; path = FlappyBeerScene.swift; sourceTree = "<group>"; };
		D80E5B271A70F9EF00677A56 /* SpriteKit.framework */ = {isa = PBXFileReference; lastKnownFileType = wrapper.framework; name = SpriteKit.framework; path = System/Library/Frameworks/SpriteKit.framework; sourceTree = SDKROOT; };
		D80E5B2D1A70FB2B00677A56 /* PipeDown.png */ = {isa = PBXFileReference; lastKnownFileType = image.png; name = PipeDown.png; path = Resources/PipeDown.png; sourceTree = SOURCE_ROOT; };
		D80E5B2E1A70FB2B00677A56 /* PipeUp.png */ = {isa = PBXFileReference; lastKnownFileType = image.png; name = PipeUp.png; path = Resources/PipeUp.png; sourceTree = SOURCE_ROOT; };
		D80E5B2F1A70FB2B00677A56 /* scoreboard.png */ = {isa = PBXFileReference; lastKnownFileType = image.png; name = scoreboard.png; path = Resources/scoreboard.png; sourceTree = SOURCE_ROOT; };
		D80E5B301A70FB2B00677A56 /* sky.png */ = {isa = PBXFileReference; lastKnownFileType = image.png; name = sky.png; path = Resources/sky.png; sourceTree = SOURCE_ROOT; };
		D80E5B391A70FE9500677A56 /* land.png */ = {isa = PBXFileReference; lastKnownFileType = image.png; name = land.png; path = Resources/land.png; sourceTree = SOURCE_ROOT; };
		D82B51FC1A705CAD00C13010 /* CodePub.app */ = {isa = PBXFileReference; explicitFileType = wrapper.application; includeInIndex = 0; path = CodePub.app; sourceTree = BUILT_PRODUCTS_DIR; };
		D82B52001A705CAD00C13010 /* Info.plist */ = {isa = PBXFileReference; lastKnownFileType = text.plist.xml; path = Info.plist; sourceTree = "<group>"; };
		D82B52011A705CAD00C13010 /* AppDelegate.swift */ = {isa = PBXFileReference; lastKnownFileType = sourcecode.swift; path = AppDelegate.swift; sourceTree = "<group>"; };
		D82B52031A705CAD00C13010 /* FirstViewController.swift */ = {isa = PBXFileReference; lastKnownFileType = sourcecode.swift; path = FirstViewController.swift; sourceTree = "<group>"; };
		D82B52061A705CAD00C13010 /* Base */ = {isa = PBXFileReference; lastKnownFileType = file.storyboard; name = Base; path = Base.lproj/Main.storyboard; sourceTree = "<group>"; };
		D82B52081A705CAD00C13010 /* Images.xcassets */ = {isa = PBXFileReference; lastKnownFileType = folder.assetcatalog; path = Images.xcassets; sourceTree = "<group>"; };
		D82B520B1A705CAD00C13010 /* Base */ = {isa = PBXFileReference; lastKnownFileType = file.xib; name = Base; path = Base.lproj/LaunchScreen.xib; sourceTree = "<group>"; };
		D82B52111A705CAD00C13010 /* CodePubTests.xctest */ = {isa = PBXFileReference; explicitFileType = wrapper.cfbundle; includeInIndex = 0; path = CodePubTests.xctest; sourceTree = BUILT_PRODUCTS_DIR; };
		D82B52161A705CAD00C13010 /* Info.plist */ = {isa = PBXFileReference; lastKnownFileType = text.plist.xml; path = Info.plist; sourceTree = "<group>"; };
		D82B52171A705CAD00C13010 /* CodePubTests.swift */ = {isa = PBXFileReference; lastKnownFileType = sourcecode.swift; path = CodePubTests.swift; sourceTree = "<group>"; };
		D82B52211A70647C00C13010 /* CupcakesViewController.swift */ = {isa = PBXFileReference; fileEncoding = 4; lastKnownFileType = sourcecode.swift; path = CupcakesViewController.swift; sourceTree = "<group>"; };
		D82B52241A706D4F00C13010 /* ck1.jpg */ = {isa = PBXFileReference; lastKnownFileType = image.jpeg; name = ck1.jpg; path = Resources/ck1.jpg; sourceTree = SOURCE_ROOT; };
		D82B52251A706D4F00C13010 /* ck2.jpg */ = {isa = PBXFileReference; lastKnownFileType = image.jpeg; name = ck2.jpg; path = Resources/ck2.jpg; sourceTree = SOURCE_ROOT; };
		D82B52261A706D4F00C13010 /* ck3.jpg */ = {isa = PBXFileReference; lastKnownFileType = image.jpeg; name = ck3.jpg; path = Resources/ck3.jpg; sourceTree = SOURCE_ROOT; };
		D82B52271A706D4F00C13010 /* ck4.jpg */ = {isa = PBXFileReference; lastKnownFileType = image.jpeg; name = ck4.jpg; path = Resources/ck4.jpg; sourceTree = SOURCE_ROOT; };
		D82B52281A706D4F00C13010 /* ck5.jpg */ = {isa = PBXFileReference; lastKnownFileType = image.jpeg; name = ck5.jpg; path = Resources/ck5.jpg; sourceTree = SOURCE_ROOT; };
		D82B52391A70F6DB00C13010 /* GameViewController.swift */ = {isa = PBXFileReference; fileEncoding = 4; lastKnownFileType = sourcecode.swift; path = GameViewController.swift; sourceTree = "<group>"; };
		D85D6BA21A8962170043F9C0 /* StartViewController.swift */ = {isa = PBXFileReference; fileEncoding = 4; lastKnownFileType = sourcecode.swift; path = StartViewController.swift; sourceTree = "<group>"; };
		D85D6BA41A8962DE0043F9C0 /* CarryOnViewController.swift */ = {isa = PBXFileReference; fileEncoding = 4; lastKnownFileType = sourcecode.swift; path = CarryOnViewController.swift; sourceTree = "<group>"; };
		D8A14D6A1A71402F008CACC9 /* beer01.png */ = {isa = PBXFileReference; lastKnownFileType = image.png; name = beer01.png; path = Resources/beer01.png; sourceTree = SOURCE_ROOT; };
		D8A14D6B1A71402F008CACC9 /* beer02.png */ = {isa = PBXFileReference; lastKnownFileType = image.png; name = beer02.png; path = Resources/beer02.png; sourceTree = SOURCE_ROOT; };
		D8A14D6C1A71402F008CACC9 /* beer04.png */ = {isa = PBXFileReference; lastKnownFileType = image.png; name = beer04.png; path = Resources/beer04.png; sourceTree = SOURCE_ROOT; };
		D8A14D6D1A71402F008CACC9 /* beer03.png */ = {isa = PBXFileReference; lastKnownFileType = image.png; name = beer03.png; path = Resources/beer03.png; sourceTree = SOURCE_ROOT; };
/* End PBXFileReference section */

/* Begin PBXFrameworksBuildPhase section */
		D82B51F91A705CAD00C13010 /* Frameworks */ = {
			isa = PBXFrameworksBuildPhase;
			buildActionMask = 2147483647;
			files = (
				D80E5B281A70F9EF00677A56 /* SpriteKit.framework in Frameworks */,
			);
			runOnlyForDeploymentPostprocessing = 0;
		};
		D82B520E1A705CAD00C13010 /* Frameworks */ = {
			isa = PBXFrameworksBuildPhase;
			buildActionMask = 2147483647;
			files = (
			);
			runOnlyForDeploymentPostprocessing = 0;
		};
/* End PBXFrameworksBuildPhase section */

/* Begin PBXGroup section */
		D82B51F31A705CAD00C13010 = {
			isa = PBXGroup;
			children = (
				D82B51FE1A705CAD00C13010 /* CodePub */,
				D82B52141A705CAD00C13010 /* CodePubTests */,
				D82B51FD1A705CAD00C13010 /* Products */,
			);
			sourceTree = "<group>";
		};
		D82B51FD1A705CAD00C13010 /* Products */ = {
			isa = PBXGroup;
			children = (
				D82B51FC1A705CAD00C13010 /* CodePub.app */,
				D82B52111A705CAD00C13010 /* CodePubTests.xctest */,
			);
			name = Products;
			sourceTree = "<group>";
		};
		D82B51FE1A705CAD00C13010 /* CodePub */ = {
			isa = PBXGroup;
			children = (
				D82B52231A706D2700C13010 /* Resources */,
				D82B52011A705CAD00C13010 /* AppDelegate.swift */,
				D85D6BA21A8962170043F9C0 /* StartViewController.swift */,
				D85D6BA41A8962DE0043F9C0 /* CarryOnViewController.swift */,
				D82B52031A705CAD00C13010 /* FirstViewController.swift */,
				D82B52211A70647C00C13010 /* CupcakesViewController.swift */,
				D82B52391A70F6DB00C13010 /* GameViewController.swift */,
				D80E5B251A70F9B300677A56 /* FlappyBeerScene.swift */,
				D82B52051A705CAD00C13010 /* Main.storyboard */,
				D82B52081A705CAD00C13010 /* Images.xcassets */,
				D82B520A1A705CAD00C13010 /* LaunchScreen.xib */,
				D82B51FF1A705CAD00C13010 /* Supporting Files */,
				D80E5B271A70F9EF00677A56 /* SpriteKit.framework */,
			);
			path = CodePub;
			sourceTree = "<group>";
		};
		D82B51FF1A705CAD00C13010 /* Supporting Files */ = {
			isa = PBXGroup;
			children = (
				D82B52001A705CAD00C13010 /* Info.plist */,
			);
			name = "Supporting Files";
			sourceTree = "<group>";
		};
		D82B52141A705CAD00C13010 /* CodePubTests */ = {
			isa = PBXGroup;
			children = (
				D82B52171A705CAD00C13010 /* CodePubTests.swift */,
				D82B52151A705CAD00C13010 /* Supporting Files */,
			);
			path = CodePubTests;
			sourceTree = "<group>";
		};
		D82B52151A705CAD00C13010 /* Supporting Files */ = {
			isa = PBXGroup;
			children = (
				D82B52161A705CAD00C13010 /* Info.plist */,
			);
			name = "Supporting Files";
			sourceTree = "<group>";
		};
		D82B52231A706D2700C13010 /* Resources */ = {
			isa = PBXGroup;
			children = (
				D8A14D6A1A71402F008CACC9 /* beer01.png */,
				D8A14D6B1A71402F008CACC9 /* beer02.png */,
				D8A14D6C1A71402F008CACC9 /* beer04.png */,
				D8A14D6D1A71402F008CACC9 /* beer03.png */,
				D80E5B391A70FE9500677A56 /* land.png */,
				D80E5B2D1A70FB2B00677A56 /* PipeDown.png */,
				D80E5B2E1A70FB2B00677A56 /* PipeUp.png */,
				D80E5B2F1A70FB2B00677A56 /* scoreboard.png */,
				D80E5B301A70FB2B00677A56 /* sky.png */,
				D82B52241A706D4F00C13010 /* ck1.jpg */,
				D82B52251A706D4F00C13010 /* ck2.jpg */,
				D82B52261A706D4F00C13010 /* ck3.jpg */,
				D82B52271A706D4F00C13010 /* ck4.jpg */,
				D82B52281A706D4F00C13010 /* ck5.jpg */,
			);
			name = Resources;
			sourceTree = "<group>";
		};
/* End PBXGroup section */

/* Begin PBXNativeTarget section */
		D82B51FB1A705CAD00C13010 /* CodePub */ = {
			isa = PBXNativeTarget;
			buildConfigurationList = D82B521B1A705CAD00C13010 /* Build configuration list for PBXNativeTarget "CodePub" */;
			buildPhases = (
				D82B51F81A705CAD00C13010 /* Sources */,
				D82B51F91A705CAD00C13010 /* Frameworks */,
				D82B51FA1A705CAD00C13010 /* Resources */,
			);
			buildRules = (
			);
			dependencies = (
			);
			name = CodePub;
			productName = CodePub;
			productReference = D82B51FC1A705CAD00C13010 /* CodePub.app */;
			productType = "com.apple.product-type.application";
		};
		D82B52101A705CAD00C13010 /* CodePubTests */ = {
			isa = PBXNativeTarget;
			buildConfigurationList = D82B521E1A705CAD00C13010 /* Build configuration list for PBXNativeTarget "CodePubTests" */;
			buildPhases = (
				D82B520D1A705CAD00C13010 /* Sources */,
				D82B520E1A705CAD00C13010 /* Frameworks */,
				D82B520F1A705CAD00C13010 /* Resources */,
			);
			buildRules = (
			);
			dependencies = (
				D82B52131A705CAD00C13010 /* PBXTargetDependency */,
			);
			name = CodePubTests;
			productName = CodePubTests;
			productReference = D82B52111A705CAD00C13010 /* CodePubTests.xctest */;
			productType = "com.apple.product-type.bundle.unit-test";
		};
/* End PBXNativeTarget section */

/* Begin PBXProject section */
		D82B51F41A705CAD00C13010 /* Project object */ = {
			isa = PBXProject;
			attributes = {
				LastUpgradeCheck = 0610;
				ORGANIZATIONNAME = codepub;
				TargetAttributes = {
					D82B51FB1A705CAD00C13010 = {
						CreatedOnToolsVersion = 6.1;
					};
					D82B52101A705CAD00C13010 = {
						CreatedOnToolsVersion = 6.1;
						TestTargetID = D82B51FB1A705CAD00C13010;
					};
				};
			};
			buildConfigurationList = D82B51F71A705CAD00C13010 /* Build configuration list for PBXProject "CodePub" */;
			compatibilityVersion = "Xcode 3.2";
			developmentRegion = English;
			hasScannedForEncodings = 0;
			knownRegions = (
				en,
				Base,
			);
			mainGroup = D82B51F31A705CAD00C13010;
			productRefGroup = D82B51FD1A705CAD00C13010 /* Products */;
			projectDirPath = "";
			projectRoot = "";
			targets = (
				D82B51FB1A705CAD00C13010 /* CodePub */,
				D82B52101A705CAD00C13010 /* CodePubTests */,
			);
		};
/* End PBXProject section */

/* Begin PBXResourcesBuildPhase section */
		D82B51FA1A705CAD00C13010 /* Resources */ = {
			isa = PBXResourcesBuildPhase;
			buildActionMask = 2147483647;
			files = (
				D82B52071A705CAD00C13010 /* Main.storyboard in Resources */,
				D80E5B381A70FB2B00677A56 /* sky.png in Resources */,
				D8A14D6E1A71402F008CACC9 /* beer01.png in Resources */,
				D8A14D711A71402F008CACC9 /* beer03.png in Resources */,
				D82B522D1A706D4F00C13010 /* ck5.jpg in Resources */,
				D82B522A1A706D4F00C13010 /* ck2.jpg in Resources */,
				D82B52291A706D4F00C13010 /* ck1.jpg in Resources */,
				D80E5B361A70FB2B00677A56 /* PipeUp.png in Resources */,
				D82B522B1A706D4F00C13010 /* ck3.jpg in Resources */,
				D80E5B371A70FB2B00677A56 /* scoreboard.png in Resources */,
				D8A14D6F1A71402F008CACC9 /* beer02.png in Resources */,
				D82B520C1A705CAD00C13010 /* LaunchScreen.xib in Resources */,
				D80E5B3A1A70FE9500677A56 /* land.png in Resources */,
				D82B522C1A706D4F00C13010 /* ck4.jpg in Resources */,
				D82B52091A705CAD00C13010 /* Images.xcassets in Resources */,
				D80E5B351A70FB2B00677A56 /* PipeDown.png in Resources */,
				D8A14D701A71402F008CACC9 /* beer04.png in Resources */,
			);
			runOnlyForDeploymentPostprocessing = 0;
		};
		D82B520F1A705CAD00C13010 /* Resources */ = {
			isa = PBXResourcesBuildPhase;
			buildActionMask = 2147483647;
			files = (
			);
			runOnlyForDeploymentPostprocessing = 0;
		};
/* End PBXResourcesBuildPhase section */

/* Begin PBXSourcesBuildPhase section */
		D82B51F81A705CAD00C13010 /* Sources */ = {
			isa = PBXSourcesBuildPhase;
			buildActionMask = 2147483647;
			files = (
				D80E5B261A70F9B300677A56 /* FlappyBeerScene.swift in Sources */,
				D82B523A1A70F6DB00C13010 /* GameViewController.swift in Sources */,
				D82B52221A70647C00C13010 /* CupcakesViewController.swift in Sources */,
				D85D6BA51A8962DE0043F9C0 /* CarryOnViewController.swift in Sources */,
				D82B52041A705CAD00C13010 /* FirstViewController.swift in Sources */,
				D82B52021A705CAD00C13010 /* AppDelegate.swift in Sources */,
				D85D6BA31A8962170043F9C0 /* StartViewController.swift in Sources */,
			);
			runOnlyForDeploymentPostprocessing = 0;
		};
		D82B520D1A705CAD00C13010 /* Sources */ = {
			isa = PBXSourcesBuildPhase;
			buildActionMask = 2147483647;
			files = (
				D82B52181A705CAD00C13010 /* CodePubTests.swift in Sources */,
			);
			runOnlyForDeploymentPostprocessing = 0;
		};
/* End PBXSourcesBuildPhase section */

/* Begin PBXTargetDependency section */
		D82B52131A705CAD00C13010 /* PBXTargetDependency */ = {
			isa = PBXTargetDependency;
			target = D82B51FB1A705CAD00C13010 /* CodePub */;
			targetProxy = D82B52121A705CAD00C13010 /* PBXContainerItemProxy */;
		};
/* End PBXTargetDependency section */

/* Begin PBXVariantGroup section */
		D82B52051A705CAD00C13010 /* Main.storyboard */ = {
			isa = PBXVariantGroup;
			children = (
				D82B52061A705CAD00C13010 /* Base */,
			);
			name = Main.storyboard;
			sourceTree = "<group>";
		};
		D82B520A1A705CAD00C13010 /* LaunchScreen.xib */ = {
			isa = PBXVariantGroup;
			children = (
				D82B520B1A705CAD00C13010 /* Base */,
			);
			name = LaunchScreen.xib;
			sourceTree = "<group>";
		};
/* End PBXVariantGroup section */

/* Begin XCBuildConfiguration section */
		D82B52191A705CAD00C13010 /* Debug */ = {
			isa = XCBuildConfiguration;
			buildSettings = {
				ALWAYS_SEARCH_USER_PATHS = NO;
				CLANG_CXX_LANGUAGE_STANDARD = "gnu++0x";
				CLANG_CXX_LIBRARY = "libc++";
				CLANG_ENABLE_MODULES = YES;
				CLANG_ENABLE_OBJC_ARC = YES;
				CLANG_WARN_BOOL_CONVERSION = YES;
				CLANG_WARN_CONSTANT_CONVERSION = YES;
				CLANG_WARN_DIRECT_OBJC_ISA_USAGE = YES_ERROR;
				CLANG_WARN_EMPTY_BODY = YES;
				CLANG_WARN_ENUM_CONVERSION = YES;
				CLANG_WARN_INT_CONVERSION = YES;
				CLANG_WARN_OBJC_ROOT_CLASS = YES_ERROR;
				CLANG_WARN_UNREACHABLE_CODE = YES;
				CLANG_WARN__DUPLICATE_METHOD_MATCH = YES;
				"CODE_SIGN_IDENTITY[sdk=iphoneos*]" = "iPhone Developer";
				COPY_PHASE_STRIP = NO;
				ENABLE_STRICT_OBJC_MSGSEND = YES;
				GCC_C_LANGUAGE_STANDARD = gnu99;
				GCC_DYNAMIC_NO_PIC = NO;
				GCC_OPTIMIZATION_LEVEL = 0;
				GCC_PREPROCESSOR_DEFINITIONS = (
					"DEBUG=1",
					"$(inherited)",
				);
				GCC_SYMBOLS_PRIVATE_EXTERN = NO;
				GCC_WARN_64_TO_32_BIT_CONVERSION = YES;
				GCC_WARN_ABOUT_RETURN_TYPE = YES_ERROR;
				GCC_WARN_UNDECLARED_SELECTOR = YES;
				GCC_WARN_UNINITIALIZED_AUTOS = YES_AGGRESSIVE;
				GCC_WARN_UNUSED_FUNCTION = YES;
				GCC_WARN_UNUSED_VARIABLE = YES;
				IPHONEOS_DEPLOYMENT_TARGET = 8.1;
				MTL_ENABLE_DEBUG_INFO = YES;
				ONLY_ACTIVE_ARCH = YES;
				SDKROOT = iphoneos;
				SWIFT_OPTIMIZATION_LEVEL = "-Onone";
			};
			name = Debug;
		};
		D82B521A1A705CAD00C13010 /* Release */ = {
			isa = XCBuildConfiguration;
			buildSettings = {
				ALWAYS_SEARCH_USER_PATHS = NO;
				CLANG_CXX_LANGUAGE_STANDARD = "gnu++0x";
				CLANG_CXX_LIBRARY = "libc++";
				CLANG_ENABLE_MODULES = YES;
				CLANG_ENABLE_OBJC_ARC = YES;
				CLANG_WARN_BOOL_CONVERSION = YES;
				CLANG_WARN_CONSTANT_CONVERSION = YES;
				CLANG_WARN_DIRECT_OBJC_ISA_USAGE = YES_ERROR;
				CLANG_WARN_EMPTY_BODY = YES;
				CLANG_WARN_ENUM_CONVERSION = YES;
				CLANG_WARN_INT_CONVERSION = YES;
				CLANG_WARN_OBJC_ROOT_CLASS = YES_ERROR;
				CLANG_WARN_UNREACHABLE_CODE = YES;
				CLANG_WARN__DUPLICATE_METHOD_MATCH = YES;
				"CODE_SIGN_IDENTITY[sdk=iphoneos*]" = "iPhone Developer";
				COPY_PHASE_STRIP = YES;
				ENABLE_NS_ASSERTIONS = NO;
				ENABLE_STRICT_OBJC_MSGSEND = YES;
				GCC_C_LANGUAGE_STANDARD = gnu99;
				GCC_WARN_64_TO_32_BIT_CONVERSION = YES;
				GCC_WARN_ABOUT_RETURN_TYPE = YES_ERROR;
				GCC_WARN_UNDECLARED_SELECTOR = YES;
				GCC_WARN_UNINITIALIZED_AUTOS = YES_AGGRESSIVE;
				GCC_WARN_UNUSED_FUNCTION = YES;
				GCC_WARN_UNUSED_VARIABLE = YES;
				IPHONEOS_DEPLOYMENT_TARGET = 8.1;
				MTL_ENABLE_DEBUG_INFO = NO;
				SDKROOT = iphoneos;
				VALIDATE_PRODUCT = YES;
			};
			name = Release;
		};
		D82B521C1A705CAD00C13010 /* Debug */ = {
			isa = XCBuildConfiguration;
			buildSettings = {
				ASSETCATALOG_COMPILER_APPICON_NAME = AppIcon;
				INFOPLIST_FILE = CodePub/Info.plist;
				LD_RUNPATH_SEARCH_PATHS = "$(inherited) @executable_path/Frameworks";
				PRODUCT_NAME = "$(TARGET_NAME)";
			};
			name = Debug;
		};
		D82B521D1A705CAD00C13010 /* Release */ = {
			isa = XCBuildConfiguration;
			buildSettings = {
				ASSETCATALOG_COMPILER_APPICON_NAME = AppIcon;
				INFOPLIST_FILE = CodePub/Info.plist;
				LD_RUNPATH_SEARCH_PATHS = "$(inherited) @executable_path/Frameworks";
				PRODUCT_NAME = "$(TARGET_NAME)";
			};
			name = Release;
		};
		D82B521F1A705CAD00C13010 /* Debug */ = {
			isa = XCBuildConfiguration;
			buildSettings = {
				BUNDLE_LOADER = "$(TEST_HOST)";
				FRAMEWORK_SEARCH_PATHS = (
					"$(SDKROOT)/Developer/Library/Frameworks",
					"$(inherited)",
				);
				GCC_PREPROCESSOR_DEFINITIONS = (
					"DEBUG=1",
					"$(inherited)",
				);
				INFOPLIST_FILE = CodePubTests/Info.plist;
				LD_RUNPATH_SEARCH_PATHS = "$(inherited) @executable_path/Frameworks @loader_path/Frameworks";
				PRODUCT_NAME = "$(TARGET_NAME)";
				TEST_HOST = "$(BUILT_PRODUCTS_DIR)/CodePub.app/CodePub";
			};
			name = Debug;
		};
		D82B52201A705CAD00C13010 /* Release */ = {
			isa = XCBuildConfiguration;
			buildSettings = {
				BUNDLE_LOADER = "$(TEST_HOST)";
				FRAMEWORK_SEARCH_PATHS = (
					"$(SDKROOT)/Developer/Library/Frameworks",
					"$(inherited)",
				);
				INFOPLIST_FILE = CodePubTests/Info.plist;
				LD_RUNPATH_SEARCH_PATHS = "$(inherited) @executable_path/Frameworks @loader_path/Frameworks";
				PRODUCT_NAME = "$(TARGET_NAME)";
				TEST_HOST = "$(BUILT_PRODUCTS_DIR)/CodePub.app/CodePub";
			};
			name = Release;
		};
/* End XCBuildConfiguration section */

/* Begin XCConfigurationList section */
		D82B51F71A705CAD00C13010 /* Build configuration list for PBXProject "CodePub" */ = {
			isa = XCConfigurationList;
			buildConfigurations = (
				D82B52191A705CAD00C13010 /* Debug */,
				D82B521A1A705CAD00C13010 /* Release */,
			);
			defaultConfigurationIsVisible = 0;
			defaultConfigurationName = Release;
		};
		D82B521B1A705CAD00C13010 /* Build configuration list for PBXNativeTarget "CodePub" */ = {
			isa = XCConfigurationList;
			buildConfigurations = (
				D82B521C1A705CAD00C13010 /* Debug */,
				D82B521D1A705CAD00C13010 /* Release */,
			);
			defaultConfigurationIsVisible = 0;
			defaultConfigurationName = Release;
		};
		D82B521E1A705CAD00C13010 /* Build configuration list for PBXNativeTarget "CodePubTests" */ = {
			isa = XCConfigurationList;
			buildConfigurations = (
				D82B521F1A705CAD00C13010 /* Debug */,
				D82B52201A705CAD00C13010 /* Release */,
			);
			defaultConfigurationIsVisible = 0;
			defaultConfigurationName = Release;
		};
/* End XCConfigurationList section */
	};
	rootObject = D82B51F41A705CAD00C13010 /* Project object */;
}
